
Microsoft Visual Studio Solution File, Format Version 12.00
# Visual Studio Version 16
VisualStudioVersion = 16.0.30204.135
MinimumVisualStudioVersion = 10.0.40219.1
Project("{FAE04EC0-301F-11D3-BF4B-00C04F79EFBC}") = "ShopBridge", "ShopBridge\ShopBridge.csproj", "{B184A295-775D-40D9-838C-2E9BD870807E}"
EndProject
Global
	GlobalSection(SolutionConfigurationPlatforms) = preSolution
		Debug|Any CPU = Debug|Any CPU
		Release|Any CPU = Release|Any CPU
	EndGlobalSection
	GlobalSection(ProjectConfigurationPlatforms) = postSolution
		{B184A295-775D-40D9-838C-2E9BD870807E}.Debug|Any CPU.ActiveCfg = Debug|Any CPU
		{B184A295-775D-40D9-838C-2E9BD870807E}.Debug|Any CPU.Build.0 = Debug|Any CPU
		{B184A295-775D-40D9-838C-2E9BD870807E}.Release|Any CPU.ActiveCfg = Release|Any CPU
		{B184A295-775D-40D9-838C-2E9BD870807E}.Release|Any CPU.Build.0 = Release|Any CPU
	EndGlobalSection
	GlobalSection(SolutionProperties) = preSolution
		HideSolutionNode = FALSE
	EndGlobalSection
	GlobalSection(ExtensibilityGlobals) = postSolution
		SolutionGuid = {D1924FE2-2C0C-4486-8FC0-1698EF1D143F}
	EndGlobalSection
EndGlobal
